
Microsoft Visual Studio Solution File, Format Version 12.00
# Visual Studio Version 16
VisualStudioVersion = 16.0.31410.357
MinimumVisualStudioVersion = 10.0.40219.1
Project("{FAE04EC0-301F-11D3-BF4B-00C04F79EFBC}") = "Droid", "Droid\Droid.csproj", "{73F925BB-AE5B-4B2B-9807-02EADC3F8992}"
EndProject
Project("{9A19103F-16F7-4668-BE54-9A1E7A4F7556}") = "DroidTest", "DroidTest\DroidTest.csproj", "{5D3C999F-4B89-4AFD-ABD2-B90064D02546}"
EndProject
Project("{FAE04EC0-301F-11D3-BF4B-00C04F79EFBC}") = "InstaSwapper", "InstaSwapper\InstaSwapper.csproj", "{AAFA6934-84A0-47B0-A13A-238381485C64}"
EndProject
Global
	GlobalSection(SolutionConfigurationPlatforms) = preSolution
		Debug|Any CPU = Debug|Any CPU
		Release|Any CPU = Release|Any CPU
	EndGlobalSection
	GlobalSection(ProjectConfigurationPlatforms) = postSolution
		{73F925BB-AE5B-4B2B-9807-02EADC3F8992}.Debug|Any CPU.ActiveCfg = Debug|Any CPU
		{73F925BB-AE5B-4B2B-9807-02EADC3F8992}.Debug|Any CPU.Build.0 = Debug|Any CPU
		{73F925BB-AE5B-4B2B-9807-02EADC3F8992}.Release|Any CPU.ActiveCfg = Release|Any CPU
		{73F925BB-AE5B-4B2B-9807-02EADC3F8992}.Release|Any CPU.Build.0 = Release|Any CPU
		{5D3C999F-4B89-4AFD-ABD2-B90064D02546}.Debug|Any CPU.ActiveCfg = Debug|Any CPU
		{5D3C999F-4B89-4AFD-ABD2-B90064D02546}.Debug|Any CPU.Build.0 = Debug|Any CPU
		{5D3C999F-4B89-4AFD-ABD2-B90064D02546}.Release|Any CPU.ActiveCfg = Release|Any CPU
		{5D3C999F-4B89-4AFD-ABD2-B90064D02546}.Release|Any CPU.Build.0 = Release|Any CPU
		{AAFA6934-84A0-47B0-A13A-238381485C64}.Debug|Any CPU.ActiveCfg = Debug|Any CPU
		{AAFA6934-84A0-47B0-A13A-238381485C64}.Debug|Any CPU.Build.0 = Debug|Any CPU
		{AAFA6934-84A0-47B0-A13A-238381485C64}.Release|Any CPU.ActiveCfg = Release|Any CPU
		{AAFA6934-84A0-47B0-A13A-238381485C64}.Release|Any CPU.Build.0 = Release|Any CPU
	EndGlobalSection
	GlobalSection(SolutionProperties) = preSolution
		HideSolutionNode = FALSE
	EndGlobalSection
	GlobalSection(ExtensibilityGlobals) = postSolution
		SolutionGuid = {35F34C08-DDC7-4422-A2C4-4576FDD6B974}
	EndGlobalSection
EndGlobal
